
Microsoft Visual Studio Solution File, Format Version 12.00
# Visual Studio Version 17
VisualStudioVersion = 17.14.36915.13
MinimumVisualStudioVersion = 10.0.40219.1
Project("{FAE04EC0-301F-11D3-BF4B-00C04F79EFBC}") = "ReassessmentApp.Domain", "ReassessmentApp.Domain\ReassessmentApp.Domain.csproj", "{D0ADD503-FC3A-2874-0F2E-210BF8BECBFD}"
EndProject
Project("{FAE04EC0-301F-11D3-BF4B-00C04F79EFBC}") = "ReassessmentApp.Infrastructure", "ReassessmentApp.Infrastructure\ReassessmentApp.Infrastructure.csproj", "{AC0435AA-0526-8C88-6DE2-ABF6CFFE2AD8}"
EndProject
Project("{FAE04EC0-301F-11D3-BF4B-00C04F79EFBC}") = "ReassessmentApp.Application", "ReassessmentApp.Application\ReassessmentApp.Application.csproj", "{1620AA14-907F-1961-1E57-CA44EF69EA29}"
EndProject
Project("{FAE04EC0-301F-11D3-BF4B-00C04F79EFBC}") = "ReassessmentApp.API", "ReassessmentApp.API\ReassessmentApp.API.csproj", "{BC6F808E-910C-1609-576C-185DB0F7477C}"
EndProject
Project("{FAE04EC0-301F-11D3-BF4B-00C04F79EFBC}") = "ReassessmentApp.Tests", "ReassessmentApp.Tests\ReassessmentApp.Tests.csproj", "{4F9B02BB-B6E9-924A-7BD7-3F458437A37A}"
EndProject
Global
	GlobalSection(SolutionConfigurationPlatforms) = preSolution
		Debug|Any CPU = Debug|Any CPU
		Release|Any CPU = Release|Any CPU
	EndGlobalSection
	GlobalSection(ProjectConfigurationPlatforms) = postSolution
		{D0ADD503-FC3A-2874-0F2E-210BF8BECBFD}.Debug|Any CPU.ActiveCfg = Debug|Any CPU
		{D0ADD503-FC3A-2874-0F2E-210BF8BECBFD}.Debug|Any CPU.Build.0 = Debug|Any CPU
		{D0ADD503-FC3A-2874-0F2E-210BF8BECBFD}.Release|Any CPU.ActiveCfg = Release|Any CPU
		{D0ADD503-FC3A-2874-0F2E-210BF8BECBFD}.Release|Any CPU.Build.0 = Release|Any CPU
		{AC0435AA-0526-8C88-6DE2-ABF6CFFE2AD8}.Debug|Any CPU.ActiveCfg = Debug|Any CPU
		{AC0435AA-0526-8C88-6DE2-ABF6CFFE2AD8}.Debug|Any CPU.Build.0 = Debug|Any CPU
		{AC0435AA-0526-8C88-6DE2-ABF6CFFE2AD8}.Release|Any CPU.ActiveCfg = Release|Any CPU
		{AC0435AA-0526-8C88-6DE2-ABF6CFFE2AD8}.Release|Any CPU.Build.0 = Release|Any CPU
		{1620AA14-907F-1961-1E57-CA44EF69EA29}.Debug|Any CPU.ActiveCfg = Debug|Any CPU
		{1620AA14-907F-1961-1E57-CA44EF69EA29}.Debug|Any CPU.Build.0 = Debug|Any CPU
		{1620AA14-907F-1961-1E57-CA44EF69EA29}.Release|Any CPU.ActiveCfg = Release|Any CPU
		{1620AA14-907F-1961-1E57-CA44EF69EA29}.Release|Any CPU.Build.0 = Release|Any CPU
		{BC6F808E-910C-1609-576C-185DB0F7477C}.Debug|Any CPU.ActiveCfg = Debug|Any CPU
		{BC6F808E-910C-1609-576C-185DB0F7477C}.Debug|Any CPU.Build.0 = Debug|Any CPU
		{BC6F808E-910C-1609-576C-185DB0F7477C}.Release|Any CPU.ActiveCfg = Release|Any CPU
		{BC6F808E-910C-1609-576C-185DB0F7477C}.Release|Any CPU.Build.0 = Release|Any CPU
		{4F9B02BB-B6E9-924A-7BD7-3F458437A37A}.Debug|Any CPU.ActiveCfg = Debug|Any CPU
		{4F9B02BB-B6E9-924A-7BD7-3F458437A37A}.Debug|Any CPU.Build.0 = Debug|Any CPU
		{4F9B02BB-B6E9-924A-7BD7-3F458437A37A}.Release|Any CPU.ActiveCfg = Release|Any CPU
		{4F9B02BB-B6E9-924A-7BD7-3F458437A37A}.Release|Any CPU.Build.0 = Release|Any CPU
	EndGlobalSection
	GlobalSection(SolutionProperties) = preSolution
		HideSolutionNode = FALSE
	EndGlobalSection
	GlobalSection(ExtensibilityGlobals) = postSolution
		SolutionGuid = {425C34FA-74F3-4354-B407-6A6424C9261B}
	EndGlobalSection
EndGlobal
